
Microsoft Visual Studio Solution File, Format Version 12.00
# Visual Studio Version 17
VisualStudioVersion = 17.4.33213.308
MinimumVisualStudioVersion = 10.0.40219.1
Project("{9A19103F-16F7-4668-BE54-9A1E7A4F7556}") = "Opgave05", "Opgave05\Opgave05.csproj", "{F8687116-DCE0-45C7-9E22-0F30977F95D0}"
EndProject
Project("{9A19103F-16F7-4668-BE54-9A1E7A4F7556}") = "Opgave05.Program", "Opgave05.Program\Opgave05.Program.csproj", "{C9752574-905C-4335-BBF8-39ED9A420BDC}"
EndProject
Project("{9A19103F-16F7-4668-BE54-9A1E7A4F7556}") = "Opgave05.UnitTest", "Opgave05.UnitTest\Opgave05.UnitTest.csproj", "{499B410B-BE42-4283-9FFF-02320D69EEB6}"
EndProject
Project("{9A19103F-16F7-4668-BE54-9A1E7A4F7556}") = "Others", "Others\Others.csproj", "{9178CEB9-8A6F-48DE-AE19-D5248336AD82}"
EndProject
Project("{9A19103F-16F7-4668-BE54-9A1E7A4F7556}") = "Opgave05.10", "Opgave05.10\Opgave05.10.csproj", "{A8D397AF-D7B8-4D00-93AE-A29935F2C4CD}"
EndProject
Project("{9A19103F-16F7-4668-BE54-9A1E7A4F7556}") = "SqlRocket", "SqlRocket\SqlRocket.csproj", "{7F71924C-E3CB-4570-BDBE-2D04754B9AEE}"
EndProject
Project("{FAE04EC0-301F-11D3-BF4B-00C04F79EFBC}") = "SqlRocket.Database", "SqlRocket.Database\SqlRocket.Database.csproj", "{69A4F974-8C43-43E9-89E5-C33A18A57209}"
EndProject
Project("{FAE04EC0-301F-11D3-BF4B-00C04F79EFBC}") = "SqlRocket.Login", "SqlRocket.Login\SqlRocket.Login.csproj", "{322C540F-C3D9-446D-B7E4-9079E50A78EC}"
EndProject
Global
	GlobalSection(SolutionConfigurationPlatforms) = preSolution
		Debug|Any CPU = Debug|Any CPU
		Release|Any CPU = Release|Any CPU
	EndGlobalSection
	GlobalSection(ProjectConfigurationPlatforms) = postSolution
		{F8687116-DCE0-45C7-9E22-0F30977F95D0}.Debug|Any CPU.ActiveCfg = Debug|Any CPU
		{F8687116-DCE0-45C7-9E22-0F30977F95D0}.Debug|Any CPU.Build.0 = Debug|Any CPU
		{F8687116-DCE0-45C7-9E22-0F30977F95D0}.Release|Any CPU.ActiveCfg = Release|Any CPU
		{F8687116-DCE0-45C7-9E22-0F30977F95D0}.Release|Any CPU.Build.0 = Release|Any CPU
		{C9752574-905C-4335-BBF8-39ED9A420BDC}.Debug|Any CPU.ActiveCfg = Debug|Any CPU
		{C9752574-905C-4335-BBF8-39ED9A420BDC}.Debug|Any CPU.Build.0 = Debug|Any CPU
		{C9752574-905C-4335-BBF8-39ED9A420BDC}.Release|Any CPU.ActiveCfg = Release|Any CPU
		{C9752574-905C-4335-BBF8-39ED9A420BDC}.Release|Any CPU.Build.0 = Release|Any CPU
		{499B410B-BE42-4283-9FFF-02320D69EEB6}.Debug|Any CPU.ActiveCfg = Debug|Any CPU
		{499B410B-BE42-4283-9FFF-02320D69EEB6}.Debug|Any CPU.Build.0 = Debug|Any CPU
		{499B410B-BE42-4283-9FFF-02320D69EEB6}.Release|Any CPU.ActiveCfg = Release|Any CPU
		{499B410B-BE42-4283-9FFF-02320D69EEB6}.Release|Any CPU.Build.0 = Release|Any CPU
		{9178CEB9-8A6F-48DE-AE19-D5248336AD82}.Debug|Any CPU.ActiveCfg = Debug|Any CPU
		{9178CEB9-8A6F-48DE-AE19-D5248336AD82}.Debug|Any CPU.Build.0 = Debug|Any CPU
		{9178CEB9-8A6F-48DE-AE19-D5248336AD82}.Release|Any CPU.ActiveCfg = Release|Any CPU
		{9178CEB9-8A6F-48DE-AE19-D5248336AD82}.Release|Any CPU.Build.0 = Release|Any CPU
		{A8D397AF-D7B8-4D00-93AE-A29935F2C4CD}.Debug|Any CPU.ActiveCfg = Debug|Any CPU
		{A8D397AF-D7B8-4D00-93AE-A29935F2C4CD}.Debug|Any CPU.Build.0 = Debug|Any CPU
		{A8D397AF-D7B8-4D00-93AE-A29935F2C4CD}.Release|Any CPU.ActiveCfg = Release|Any CPU
		{A8D397AF-D7B8-4D00-93AE-A29935F2C4CD}.Release|Any CPU.Build.0 = Release|Any CPU
		{7F71924C-E3CB-4570-BDBE-2D04754B9AEE}.Debug|Any CPU.ActiveCfg = Debug|Any CPU
		{7F71924C-E3CB-4570-BDBE-2D04754B9AEE}.Debug|Any CPU.Build.0 = Debug|Any CPU
		{7F71924C-E3CB-4570-BDBE-2D04754B9AEE}.Release|Any CPU.ActiveCfg = Release|Any CPU
		{7F71924C-E3CB-4570-BDBE-2D04754B9AEE}.Release|Any CPU.Build.0 = Release|Any CPU
		{69A4F974-8C43-43E9-89E5-C33A18A57209}.Debug|Any CPU.ActiveCfg = Debug|Any CPU
		{69A4F974-8C43-43E9-89E5-C33A18A57209}.Debug|Any CPU.Build.0 = Debug|Any CPU
		{69A4F974-8C43-43E9-89E5-C33A18A57209}.Release|Any CPU.ActiveCfg = Release|Any CPU
		{69A4F974-8C43-43E9-89E5-C33A18A57209}.Release|Any CPU.Build.0 = Release|Any CPU
		{322C540F-C3D9-446D-B7E4-9079E50A78EC}.Debug|Any CPU.ActiveCfg = Debug|Any CPU
		{322C540F-C3D9-446D-B7E4-9079E50A78EC}.Debug|Any CPU.Build.0 = Debug|Any CPU
		{322C540F-C3D9-446D-B7E4-9079E50A78EC}.Release|Any CPU.ActiveCfg = Release|Any CPU
		{322C540F-C3D9-446D-B7E4-9079E50A78EC}.Release|Any CPU.Build.0 = Release|Any CPU
	EndGlobalSection
	GlobalSection(SolutionProperties) = preSolution
		HideSolutionNode = FALSE
	EndGlobalSection
	GlobalSection(ExtensibilityGlobals) = postSolution
		SolutionGuid = {E346639F-51E2-46FC-9754-EEC732B5880F}
	EndGlobalSection
EndGlobal
